
Microsoft Visual Studio Solution File, Format Version 12.00
# Visual Studio 15
VisualStudioVersion = 15.0.27130.2027
MinimumVisualStudioVersion = 10.0.40219.1
Project("{8BC9CEB8-8B4A-11D0-8D11-00A0C91BC942}") = "ClassApplication", "ClassApplication\ClassApplication.vcxproj", "{9052011F-5E33-4B58-BC7E-2D44BD913E74}"
EndProject
Project("{FAE04EC0-301F-11D3-BF4B-00C04F79EFBC}") = "Calculator", "Calculator\Calculator.csproj", "{E07F7691-B874-4C64-8881-0A1DF9ED4A22}"
EndProject
Global
	GlobalSection(SolutionConfigurationPlatforms) = preSolution
		Debug|Any CPU = Debug|Any CPU
		Debug|x64 = Debug|x64
		Debug|x86 = Debug|x86
		Release|Any CPU = Release|Any CPU
		Release|x64 = Release|x64
		Release|x86 = Release|x86
	EndGlobalSection
	GlobalSection(ProjectConfigurationPlatforms) = postSolution
		{9052011F-5E33-4B58-BC7E-2D44BD913E74}.Debug|Any CPU.ActiveCfg = Debug|Win32
		{9052011F-5E33-4B58-BC7E-2D44BD913E74}.Debug|x64.ActiveCfg = Debug|x64
		{9052011F-5E33-4B58-BC7E-2D44BD913E74}.Debug|x64.Build.0 = Debug|x64
		{9052011F-5E33-4B58-BC7E-2D44BD913E74}.Debug|x86.ActiveCfg = Debug|x64
		{9052011F-5E33-4B58-BC7E-2D44BD913E74}.Debug|x86.Build.0 = Debug|x64
		{9052011F-5E33-4B58-BC7E-2D44BD913E74}.Release|Any CPU.ActiveCfg = Release|Win32
		{9052011F-5E33-4B58-BC7E-2D44BD913E74}.Release|x64.ActiveCfg = Release|x64
		{9052011F-5E33-4B58-BC7E-2D44BD913E74}.Release|x64.Build.0 = Release|x64
		{9052011F-5E33-4B58-BC7E-2D44BD913E74}.Release|x86.ActiveCfg = Release|Win32
		{9052011F-5E33-4B58-BC7E-2D44BD913E74}.Release|x86.Build.0 = Release|Win32
		{E07F7691-B874-4C64-8881-0A1DF9ED4A22}.Debug|Any CPU.ActiveCfg = Debug|Any CPU
		{E07F7691-B874-4C64-8881-0A1DF9ED4A22}.Debug|Any CPU.Build.0 = Debug|Any CPU
		{E07F7691-B874-4C64-8881-0A1DF9ED4A22}.Debug|x64.ActiveCfg = Debug|Any CPU
		{E07F7691-B874-4C64-8881-0A1DF9ED4A22}.Debug|x64.Build.0 = Debug|Any CPU
		{E07F7691-B874-4C64-8881-0A1DF9ED4A22}.Debug|x86.ActiveCfg = Debug|Any CPU
		{E07F7691-B874-4C64-8881-0A1DF9ED4A22}.Debug|x86.Build.0 = Debug|Any CPU
		{E07F7691-B874-4C64-8881-0A1DF9ED4A22}.Release|Any CPU.ActiveCfg = Release|Any CPU
		{E07F7691-B874-4C64-8881-0A1DF9ED4A22}.Release|Any CPU.Build.0 = Release|Any CPU
		{E07F7691-B874-4C64-8881-0A1DF9ED4A22}.Release|x64.ActiveCfg = Release|Any CPU
		{E07F7691-B874-4C64-8881-0A1DF9ED4A22}.Release|x64.Build.0 = Release|Any CPU
		{E07F7691-B874-4C64-8881-0A1DF9ED4A22}.Release|x86.ActiveCfg = Release|Any CPU
		{E07F7691-B874-4C64-8881-0A1DF9ED4A22}.Release|x86.Build.0 = Release|Any CPU
	EndGlobalSection
	GlobalSection(SolutionProperties) = preSolution
		HideSolutionNode = FALSE
	EndGlobalSection
	GlobalSection(ExtensibilityGlobals) = postSolution
		SolutionGuid = {2E43ADC1-2503-4B05-BC9C-1F2C255D1377}
	EndGlobalSection
EndGlobal
