<?xml version="1.0" encoding="utf-8"?>
<Project ToolsVersion="4.0" xmlns="http://schemas.microsoft.com/developer/msbuild/2003">
  <ItemGroup>
    <Filter Include="Source Files">
      <UniqueIdentifier>{4FC737F1-C7A5-4376-A066-2A32D752A2FF}</UniqueIdentifier>
      <Extensions>cpp;c;cc;cxx;def;odl;idl;hpj;bat;asm;asmx</Extensions>
    </Filter>
    <Filter Include="Header Files">
      <UniqueIdentifier>{93995380-89BD-4b04-88EB-625FBE52EBFB}</UniqueIdentifier>
      <Extensions>h;hh;hpp;hxx;hm;inl;inc;xsd</Extensions>
    </Filter>
    <Filter Include="Resource Files">
      <UniqueIdentifier>{67DA6AB6-F800-4c08-8B7A-83BB121AAD01}</UniqueIdentifier>
      <Extensions>rc;ico;cur;bmp;dlg;rc2;rct;bin;rgs;gif;jpg;jpeg;jpe;resx;tiff;tif;png;wav;mfcribbon-ms</Extensions>
    </Filter>
    <Filter Include="Resource Files\layout">
      <UniqueIdentifier>{8b629d4b-44ec-40b8-ac83-c128f4318457}</UniqueIdentifier>
    </Filter>
    <Filter Include="Source Files\kasir">
      <UniqueIdentifier>{6d77bce7-8695-40d6-8fe4-427725c28db2}</UniqueIdentifier>
    </Filter>
    <Filter Include="Source Files\experimental">
      <UniqueIdentifier>{47fa29e7-6b07-4961-8d20-cbbb37f3c216}</UniqueIdentifier>
    </Filter>
    <Filter Include="Source Files\bigProgram">
      <UniqueIdentifier>{5a96fc9b-781e-4a23-bb6e-70b1cb7c3649}</UniqueIdentifier>
    </Filter>
  </ItemGroup>
  <ItemGroup>
    <ClCompile Include="src\gerakSatelit.cpp">
      <Filter>Source Files</Filter>
    </ClCompile>
    <ClCompile Include="src\bigProgram\bigProgram.cpp">
      <Filter>Source Files\bigProgram</Filter>
    </ClCompile>
    <ClCompile Include="src\kasir\kasir-custom.cpp">
      <Filter>Source Files\kasir</Filter>
    </ClCompile>
    <ClCompile Include="src\experimental\experimental.cpp">
      <Filter>Source Files\experimental</Filter>
    </ClCompile>
    <ClCompile Include="res\layout\biseksi">
      <Filter>Resource Files\layout</Filter>
    </ClCompile>
    <ClCompile Include="src\bigProgram\biseksi.cpp">
      <Filter>Source Files\bigProgram</Filter>
    </ClCompile>
    <ClCompile Include="src\bigProgram\regulaFalsi.cpp">
      <Filter>Source Files\bigProgram</Filter>
    </ClCompile>
  </ItemGroup>
  <ItemGroup>
    <ClInclude Include="header\gotoxy-m.h">
      <Filter>Header Files</Filter>
    </ClInclude>
  </ItemGroup>
  <ItemGroup>
    <None Include="res\layout\kasir-custom">
      <Filter>Resource Files\layout</Filter>
    </None>
  </ItemGroup>
</Project>